
Microsoft Visual Studio Solution File, Format Version 12.00
# Visual Studio Version 17
VisualStudioVersion = 17.14.36518.9 d17.14
MinimumVisualStudioVersion = 10.0.40219.1
Project("{FAE04EC0-301F-11D3-BF4B-00C04F79EFBC}") = "AuditTrail1", "AuditTrail1\AuditTrail1.csproj", "{B8101D7C-287B-4559-BFDC-8C5C13E01CFF}"
EndProject
Global
	GlobalSection(SolutionConfigurationPlatforms) = preSolution
		Debug|Any CPU = Debug|Any CPU
		Release|Any CPU = Release|Any CPU
	EndGlobalSection
	GlobalSection(ProjectConfigurationPlatforms) = postSolution
		{B8101D7C-287B-4559-BFDC-8C5C13E01CFF}.Debug|Any CPU.ActiveCfg = Debug|Any CPU
		{B8101D7C-287B-4559-BFDC-8C5C13E01CFF}.Debug|Any CPU.Build.0 = Debug|Any CPU
		{B8101D7C-287B-4559-BFDC-8C5C13E01CFF}.Release|Any CPU.ActiveCfg = Release|Any CPU
		{B8101D7C-287B-4559-BFDC-8C5C13E01CFF}.Release|Any CPU.Build.0 = Release|Any CPU
	EndGlobalSection
	GlobalSection(SolutionProperties) = preSolution
		HideSolutionNode = FALSE
	EndGlobalSection
	GlobalSection(ExtensibilityGlobals) = postSolution
		SolutionGuid = {76982EE3-923A-449E-A738-CA7B8E5FD296}
	EndGlobalSection
EndGlobal
